
Microsoft Visual Studio Solution File, Format Version 12.00
# Visual Studio 15
VisualStudioVersion = 15.0.26430.14
MinimumVisualStudioVersion = 10.0.40219.1
Project("{8BC9CEB8-8B4A-11D0-8D11-00A0C91BC942}") = "AsmTut1", "AsmTut1\AsmTut1.vcxproj", "{9ED088DF-E53C-43DF-885E-3CBC8C2287A0}"
EndProject
Project("{8BC9CEB8-8B4A-11D0-8D11-00A0C91BC942}") = "AsmTut1b", "AsmTut1b\AsmTut1b.vcxproj", "{77551103-289A-463F-BD51-366F961FC8D1}"
EndProject
Project("{8BC9CEB8-8B4A-11D0-8D11-00A0C91BC942}") = "AsmTut2", "AsmTut2\AsmTut2.vcxproj", "{373CA0BA-FF71-45BB-A7BF-CFCBE0D653C0}"
EndProject
Global
	GlobalSection(SolutionConfigurationPlatforms) = preSolution
		Debug|x64 = Debug|x64
		Debug|x86 = Debug|x86
		Release|x64 = Release|x64
		Release|x86 = Release|x86
	EndGlobalSection
	GlobalSection(ProjectConfigurationPlatforms) = postSolution
		{9ED088DF-E53C-43DF-885E-3CBC8C2287A0}.Debug|x64.ActiveCfg = Debug|x64
		{9ED088DF-E53C-43DF-885E-3CBC8C2287A0}.Debug|x64.Build.0 = Debug|x64
		{9ED088DF-E53C-43DF-885E-3CBC8C2287A0}.Debug|x86.ActiveCfg = Debug|Win32
		{9ED088DF-E53C-43DF-885E-3CBC8C2287A0}.Debug|x86.Build.0 = Debug|Win32
		{9ED088DF-E53C-43DF-885E-3CBC8C2287A0}.Release|x64.ActiveCfg = Release|x64
		{9ED088DF-E53C-43DF-885E-3CBC8C2287A0}.Release|x64.Build.0 = Release|x64
		{9ED088DF-E53C-43DF-885E-3CBC8C2287A0}.Release|x86.ActiveCfg = Release|Win32
		{9ED088DF-E53C-43DF-885E-3CBC8C2287A0}.Release|x86.Build.0 = Release|Win32
		{77551103-289A-463F-BD51-366F961FC8D1}.Debug|x64.ActiveCfg = Debug|x64
		{77551103-289A-463F-BD51-366F961FC8D1}.Debug|x64.Build.0 = Debug|x64
		{77551103-289A-463F-BD51-366F961FC8D1}.Debug|x86.ActiveCfg = Debug|Win32
		{77551103-289A-463F-BD51-366F961FC8D1}.Debug|x86.Build.0 = Debug|Win32
		{77551103-289A-463F-BD51-366F961FC8D1}.Release|x64.ActiveCfg = Release|x64
		{77551103-289A-463F-BD51-366F961FC8D1}.Release|x64.Build.0 = Release|x64
		{77551103-289A-463F-BD51-366F961FC8D1}.Release|x86.ActiveCfg = Release|Win32
		{77551103-289A-463F-BD51-366F961FC8D1}.Release|x86.Build.0 = Release|Win32
		{373CA0BA-FF71-45BB-A7BF-CFCBE0D653C0}.Debug|x64.ActiveCfg = Debug|x64
		{373CA0BA-FF71-45BB-A7BF-CFCBE0D653C0}.Debug|x64.Build.0 = Debug|x64
		{373CA0BA-FF71-45BB-A7BF-CFCBE0D653C0}.Debug|x86.ActiveCfg = Debug|Win32
		{373CA0BA-FF71-45BB-A7BF-CFCBE0D653C0}.Debug|x86.Build.0 = Debug|Win32
		{373CA0BA-FF71-45BB-A7BF-CFCBE0D653C0}.Release|x64.ActiveCfg = Release|x64
		{373CA0BA-FF71-45BB-A7BF-CFCBE0D653C0}.Release|x64.Build.0 = Release|x64
		{373CA0BA-FF71-45BB-A7BF-CFCBE0D653C0}.Release|x86.ActiveCfg = Release|Win32
		{373CA0BA-FF71-45BB-A7BF-CFCBE0D653C0}.Release|x86.Build.0 = Release|Win32
	EndGlobalSection
	GlobalSection(SolutionProperties) = preSolution
		HideSolutionNode = FALSE
	EndGlobalSection
EndGlobal
